dependencies:
- name: argo-cd
  repository: https://argoproj.github.io/argo-helm
  version: 8.0.10
- name: argocd-apps
  repository: https://argoproj.github.io/argo-helm
  version: 2.0.2
digest: sha256:81f5be10168235c6ac7745c57ff650d7c51c8f614ad1ec94cf7def0850fca9a0
generated: "2025-05-26T11:06:21.120141006-05:00"
